
Microsoft Visual Studio Solution File, Format Version 12.00
# Visual Studio Version 18
VisualStudioVersion = 18.5.11723.231 stable
MinimumVisualStudioVersion = 10.0.40219.1
Project("{2150E333-8FDC-42A3-9474-1A3956D46DE8}") = "src", "src", "{827E0CD3-B72D-47B6-A68D-7590B98EB39B}"
EndProject
Project("{FAE04EC0-301F-11D3-BF4B-00C04F79EFBC}") = "PolyCopyTrader.Domain", "src\PolyCopyTrader.Domain\PolyCopyTrader.Domain.csproj", "{F3D261F5-6E97-4AB0-8ED3-6E3B0E544657}"
EndProject
Project("{FAE04EC0-301F-11D3-BF4B-00C04F79EFBC}") = "PolyCopyTrader.Polymarket", "src\PolyCopyTrader.Polymarket\PolyCopyTrader.Polymarket.csproj", "{52FC1701-F036-41A2-8FA5-2992B928B4EC}"
EndProject
Project("{FAE04EC0-301F-11D3-BF4B-00C04F79EFBC}") = "PolyCopyTrader.Strategy", "src\PolyCopyTrader.Strategy\PolyCopyTrader.Strategy.csproj", "{7D424E76-68B7-4596-86F2-85C775FF52AF}"
EndProject
Project("{FAE04EC0-301F-11D3-BF4B-00C04F79EFBC}") = "PolyCopyTrader.Storage", "src\PolyCopyTrader.Storage\PolyCopyTrader.Storage.csproj", "{312059B8-CCE7-4E7E-A394-E013176CF6B7}"
EndProject
Project("{FAE04EC0-301F-11D3-BF4B-00C04F79EFBC}") = "PolyCopyTrader.Service", "src\PolyCopyTrader.Service\PolyCopyTrader.Service.csproj", "{185F1D45-45A2-4AA5-8883-8925CCEFC121}"
EndProject
Project("{FAE04EC0-301F-11D3-BF4B-00C04F79EFBC}") = "PolyCopyTrader.Dashboard", "src\PolyCopyTrader.Dashboard\PolyCopyTrader.Dashboard.csproj", "{66281DDD-C0C7-476F-9507-34C890DF7A11}"
EndProject
Project("{2150E333-8FDC-42A3-9474-1A3956D46DE8}") = "tests", "tests", "{0AB3BF05-4346-4AA6-1389-037BE0695223}"
EndProject
Project("{FAE04EC0-301F-11D3-BF4B-00C04F79EFBC}") = "PolyCopyTrader.Tests", "tests\PolyCopyTrader.Tests\PolyCopyTrader.Tests.csproj", "{71419CBE-63AB-4F4C-AA89-6F1AF0FA2147}"
EndProject
Project("{2150E333-8FDC-42A3-9474-1A3956D46DE8}") = "codex", "codex", "{FE72B42D-B1D6-44D7-B88A-29A4190AA1E9}"
EndProject
Project("{2150E333-8FDC-42A3-9474-1A3956D46DE8}") = "history", "history", "{0FF743E7-DCA0-4D6C-9482-8D6FA87BE4A0}"
	ProjectSection(SolutionItems) = preProject
		..\SoftAIn\Source\Admin\Admin.Shared\Codex\Rules\ContextHistoryProtocol.md = ..\SoftAIn\Source\Admin\Admin.Shared\Codex\Rules\ContextHistoryProtocol.md
	EndProjectSection
EndProject
Global
	GlobalSection(SolutionConfigurationPlatforms) = preSolution
		Debug|Any CPU = Debug|Any CPU
		Debug|x64 = Debug|x64
		Debug|x86 = Debug|x86
		Release|Any CPU = Release|Any CPU
		Release|x64 = Release|x64
		Release|x86 = Release|x86
	EndGlobalSection
	GlobalSection(ProjectConfigurationPlatforms) = postSolution
		{F3D261F5-6E97-4AB0-8ED3-6E3B0E544657}.Debug|Any CPU.ActiveCfg = Debug|Any CPU
		{F3D261F5-6E97-4AB0-8ED3-6E3B0E544657}.Debug|Any CPU.Build.0 = Debug|Any CPU
		{F3D261F5-6E97-4AB0-8ED3-6E3B0E544657}.Debug|x64.ActiveCfg = Debug|Any CPU
		{F3D261F5-6E97-4AB0-8ED3-6E3B0E544657}.Debug|x64.Build.0 = Debug|Any CPU
		{F3D261F5-6E97-4AB0-8ED3-6E3B0E544657}.Debug|x86.ActiveCfg = Debug|Any CPU
		{F3D261F5-6E97-4AB0-8ED3-6E3B0E544657}.Debug|x86.Build.0 = Debug|Any CPU
		{F3D261F5-6E97-4AB0-8ED3-6E3B0E544657}.Release|Any CPU.ActiveCfg = Release|Any CPU
		{F3D261F5-6E97-4AB0-8ED3-6E3B0E544657}.Release|Any CPU.Build.0 = Release|Any CPU
		{F3D261F5-6E97-4AB0-8ED3-6E3B0E544657}.Release|x64.ActiveCfg = Release|Any CPU
		{F3D261F5-6E97-4AB0-8ED3-6E3B0E544657}.Release|x64.Build.0 = Release|Any CPU
		{F3D261F5-6E97-4AB0-8ED3-6E3B0E544657}.Release|x86.ActiveCfg = Release|Any CPU
		{F3D261F5-6E97-4AB0-8ED3-6E3B0E544657}.Release|x86.Build.0 = Release|Any CPU
		{52FC1701-F036-41A2-8FA5-2992B928B4EC}.Debug|Any CPU.ActiveCfg = Debug|Any CPU
		{52FC1701-F036-41A2-8FA5-2992B928B4EC}.Debug|Any CPU.Build.0 = Debug|Any CPU
		{52FC1701-F036-41A2-8FA5-2992B928B4EC}.Debug|x64.ActiveCfg = Debug|Any CPU
		{52FC1701-F036-41A2-8FA5-2992B928B4EC}.Debug|x64.Build.0 = Debug|Any CPU
		{52FC1701-F036-41A2-8FA5-2992B928B4EC}.Debug|x86.ActiveCfg = Debug|Any CPU
		{52FC1701-F036-41A2-8FA5-2992B928B4EC}.Debug|x86.Build.0 = Debug|Any CPU
		{52FC1701-F036-41A2-8FA5-2992B928B4EC}.Release|Any CPU.ActiveCfg = Release|Any CPU
		{52FC1701-F036-41A2-8FA5-2992B928B4EC}.Release|Any CPU.Build.0 = Release|Any CPU
		{52FC1701-F036-41A2-8FA5-2992B928B4EC}.Release|x64.ActiveCfg = Release|Any CPU
		{52FC1701-F036-41A2-8FA5-2992B928B4EC}.Release|x64.Build.0 = Release|Any CPU
		{52FC1701-F036-41A2-8FA5-2992B928B4EC}.Release|x86.ActiveCfg = Release|Any CPU
		{52FC1701-F036-41A2-8FA5-2992B928B4EC}.Release|x86.Build.0 = Release|Any CPU
		{7D424E76-68B7-4596-86F2-85C775FF52AF}.Debug|Any CPU.ActiveCfg = Debug|Any CPU
		{7D424E76-68B7-4596-86F2-85C775FF52AF}.Debug|Any CPU.Build.0 = Debug|Any CPU
		{7D424E76-68B7-4596-86F2-85C775FF52AF}.Debug|x64.ActiveCfg = Debug|Any CPU
		{7D424E76-68B7-4596-86F2-85C775FF52AF}.Debug|x64.Build.0 = Debug|Any CPU
		{7D424E76-68B7-4596-86F2-85C775FF52AF}.Debug|x86.ActiveCfg = Debug|Any CPU
		{7D424E76-68B7-4596-86F2-85C775FF52AF}.Debug|x86.Build.0 = Debug|Any CPU
		{7D424E76-68B7-4596-86F2-85C775FF52AF}.Release|Any CPU.ActiveCfg = Release|Any CPU
		{7D424E76-68B7-4596-86F2-85C775FF52AF}.Release|Any CPU.Build.0 = Release|Any CPU
		{7D424E76-68B7-4596-86F2-85C775FF52AF}.Release|x64.ActiveCfg = Release|Any CPU
		{7D424E76-68B7-4596-86F2-85C775FF52AF}.Release|x64.Build.0 = Release|Any CPU
		{7D424E76-68B7-4596-86F2-85C775FF52AF}.Release|x86.ActiveCfg = Release|Any CPU
		{7D424E76-68B7-4596-86F2-85C775FF52AF}.Release|x86.Build.0 = Release|Any CPU
		{312059B8-CCE7-4E7E-A394-E013176CF6B7}.Debug|Any CPU.ActiveCfg = Debug|Any CPU
		{312059B8-CCE7-4E7E-A394-E013176CF6B7}.Debug|Any CPU.Build.0 = Debug|Any CPU
		{312059B8-CCE7-4E7E-A394-E013176CF6B7}.Debug|x64.ActiveCfg = Debug|Any CPU
		{312059B8-CCE7-4E7E-A394-E013176CF6B7}.Debug|x64.Build.0 = Debug|Any CPU
		{312059B8-CCE7-4E7E-A394-E013176CF6B7}.Debug|x86.ActiveCfg = Debug|Any CPU
		{312059B8-CCE7-4E7E-A394-E013176CF6B7}.Debug|x86.Build.0 = Debug|Any CPU
		{312059B8-CCE7-4E7E-A394-E013176CF6B7}.Release|Any CPU.ActiveCfg = Release|Any CPU
		{312059B8-CCE7-4E7E-A394-E013176CF6B7}.Release|Any CPU.Build.0 = Release|Any CPU
		{312059B8-CCE7-4E7E-A394-E013176CF6B7}.Release|x64.ActiveCfg = Release|Any CPU
		{312059B8-CCE7-4E7E-A394-E013176CF6B7}.Release|x64.Build.0 = Release|Any CPU
		{312059B8-CCE7-4E7E-A394-E013176CF6B7}.Release|x86.ActiveCfg = Release|Any CPU
		{312059B8-CCE7-4E7E-A394-E013176CF6B7}.Release|x86.Build.0 = Release|Any CPU
		{185F1D45-45A2-4AA5-8883-8925CCEFC121}.Debug|Any CPU.ActiveCfg = Debug|Any CPU
		{185F1D45-45A2-4AA5-8883-8925CCEFC121}.Debug|Any CPU.Build.0 = Debug|Any CPU
		{185F1D45-45A2-4AA5-8883-8925CCEFC121}.Debug|x64.ActiveCfg = Debug|Any CPU
		{185F1D45-45A2-4AA5-8883-8925CCEFC121}.Debug|x64.Build.0 = Debug|Any CPU
		{185F1D45-45A2-4AA5-8883-8925CCEFC121}.Debug|x86.ActiveCfg = Debug|Any CPU
		{185F1D45-45A2-4AA5-8883-8925CCEFC121}.Debug|x86.Build.0 = Debug|Any CPU
		{185F1D45-45A2-4AA5-8883-8925CCEFC121}.Release|Any CPU.ActiveCfg = Release|Any CPU
		{185F1D45-45A2-4AA5-8883-8925CCEFC121}.Release|Any CPU.Build.0 = Release|Any CPU
		{185F1D45-45A2-4AA5-8883-8925CCEFC121}.Release|x64.ActiveCfg = Release|Any CPU
		{185F1D45-45A2-4AA5-8883-8925CCEFC121}.Release|x64.Build.0 = Release|Any CPU
		{185F1D45-45A2-4AA5-8883-8925CCEFC121}.Release|x86.ActiveCfg = Release|Any CPU
		{185F1D45-45A2-4AA5-8883-8925CCEFC121}.Release|x86.Build.0 = Release|Any CPU
		{66281DDD-C0C7-476F-9507-34C890DF7A11}.Debug|Any CPU.ActiveCfg = Debug|Any CPU
		{66281DDD-C0C7-476F-9507-34C890DF7A11}.Debug|Any CPU.Build.0 = Debug|Any CPU
		{66281DDD-C0C7-476F-9507-34C890DF7A11}.Debug|x64.ActiveCfg = Debug|Any CPU
		{66281DDD-C0C7-476F-9507-34C890DF7A11}.Debug|x64.Build.0 = Debug|Any CPU
		{66281DDD-C0C7-476F-9507-34C890DF7A11}.Debug|x86.ActiveCfg = Debug|Any CPU
		{66281DDD-C0C7-476F-9507-34C890DF7A11}.Debug|x86.Build.0 = Debug|Any CPU
		{66281DDD-C0C7-476F-9507-34C890DF7A11}.Release|Any CPU.ActiveCfg = Release|Any CPU
		{66281DDD-C0C7-476F-9507-34C890DF7A11}.Release|Any CPU.Build.0 = Release|Any CPU
		{66281DDD-C0C7-476F-9507-34C890DF7A11}.Release|x64.ActiveCfg = Release|Any CPU
		{66281DDD-C0C7-476F-9507-34C890DF7A11}.Release|x64.Build.0 = Release|Any CPU
		{66281DDD-C0C7-476F-9507-34C890DF7A11}.Release|x86.ActiveCfg = Release|Any CPU
		{66281DDD-C0C7-476F-9507-34C890DF7A11}.Release|x86.Build.0 = Release|Any CPU
		{71419CBE-63AB-4F4C-AA89-6F1AF0FA2147}.Debug|Any CPU.ActiveCfg = Debug|Any CPU
		{71419CBE-63AB-4F4C-AA89-6F1AF0FA2147}.Debug|Any CPU.Build.0 = Debug|Any CPU
		{71419CBE-63AB-4F4C-AA89-6F1AF0FA2147}.Debug|x64.ActiveCfg = Debug|Any CPU
		{71419CBE-63AB-4F4C-AA89-6F1AF0FA2147}.Debug|x64.Build.0 = Debug|Any CPU
		{71419CBE-63AB-4F4C-AA89-6F1AF0FA2147}.Debug|x86.ActiveCfg = Debug|Any CPU
		{71419CBE-63AB-4F4C-AA89-6F1AF0FA2147}.Debug|x86.Build.0 = Debug|Any CPU
		{71419CBE-63AB-4F4C-AA89-6F1AF0FA2147}.Release|Any CPU.ActiveCfg = Release|Any CPU
		{71419CBE-63AB-4F4C-AA89-6F1AF0FA2147}.Release|Any CPU.Build.0 = Release|Any CPU
		{71419CBE-63AB-4F4C-AA89-6F1AF0FA2147}.Release|x64.ActiveCfg = Release|Any CPU
		{71419CBE-63AB-4F4C-AA89-6F1AF0FA2147}.Release|x64.Build.0 = Release|Any CPU
		{71419CBE-63AB-4F4C-AA89-6F1AF0FA2147}.Release|x86.ActiveCfg = Release|Any CPU
		{71419CBE-63AB-4F4C-AA89-6F1AF0FA2147}.Release|x86.Build.0 = Release|Any CPU
	EndGlobalSection
	GlobalSection(SolutionProperties) = preSolution
		HideSolutionNode = FALSE
	EndGlobalSection
	GlobalSection(NestedProjects) = preSolution
		{F3D261F5-6E97-4AB0-8ED3-6E3B0E544657} = {827E0CD3-B72D-47B6-A68D-7590B98EB39B}
		{52FC1701-F036-41A2-8FA5-2992B928B4EC} = {827E0CD3-B72D-47B6-A68D-7590B98EB39B}
		{7D424E76-68B7-4596-86F2-85C775FF52AF} = {827E0CD3-B72D-47B6-A68D-7590B98EB39B}
		{312059B8-CCE7-4E7E-A394-E013176CF6B7} = {827E0CD3-B72D-47B6-A68D-7590B98EB39B}
		{185F1D45-45A2-4AA5-8883-8925CCEFC121} = {827E0CD3-B72D-47B6-A68D-7590B98EB39B}
		{66281DDD-C0C7-476F-9507-34C890DF7A11} = {827E0CD3-B72D-47B6-A68D-7590B98EB39B}
		{71419CBE-63AB-4F4C-AA89-6F1AF0FA2147} = {0AB3BF05-4346-4AA6-1389-037BE0695223}
		{0FF743E7-DCA0-4D6C-9482-8D6FA87BE4A0} = {FE72B42D-B1D6-44D7-B88A-29A4190AA1E9}
	EndGlobalSection
	GlobalSection(ExtensibilityGlobals) = postSolution
		SolutionGuid = {74012CEE-8A11-4B94-982F-EF9D0C18CB78}
	EndGlobalSection
EndGlobal
